{
  "lockfileVersion": 1,
  "configVersion": 1,
  "workspaces": {
    "": {
      "devDependencies": {
        "@typescript/native-preview": "7.0.0-dev.20260618.1",
        "diff": "^9.0.0",
        "happy-dom": "20.12.2",
        "lit": "^3.3.1",
        "valibot": "1.4.2",
      },
    },
  },
  "packages": {
    "@lit-labs/ssr-dom-shim": ["@lit-labs/ssr-dom-shim@1.6.0", "", {}, "sha512-VHb0ALPMTlgKjM6yIxxoQNnpKyUKLD04VzeQdsiXkMqkvYlAHxq9glGLmgbb889/1GsohSOAjvQYoiBppXFqrQ=="],

    "@lit/reactive-element": ["@lit/reactive-element@2.1.2", "", { "dependencies": { "@lit-labs/ssr-dom-shim": "^1.5.0" } }, "sha512-pbCDiVMnne1lYUIaYNN5wrwQXDtHaYtg7YEFPeW+hws6U47WeFvISGUWekPGKWOP1ygrs0ef0o1VJMk1exos5A=="],

    "@types/node": ["@types/node@26.4.1", "", { "dependencies": { "undici-types": "~8.3.0" } }, "sha512-k97ENvZWtvA6yqz5/FS6a7duDgOPEeOQOc2iKS/nY6mX6qJUKtLnWzQS+Xj6tXweyj6ZcTAK2Qecetnvi9nCLA=="],

    "@types/trusted-types": ["@types/trusted-types@2.0.7", "", {}, "sha512-ScaPdn1dQczgbl0QFTeTOmVHFULt394XJgOQNoyVhZ6r2vLnMLJfBPd53SB52T/3G36VI1/g2MZaX0cwDuXsfw=="],

    "@types/whatwg-mimetype": ["@types/whatwg-mimetype@3.0.2", "", {}, "sha512-c2AKvDT8ToxLIOUlN51gTiHXflsfIFisS4pO7pDPoKouJCESkhZnEy623gwP9laCy5lnLDAw1vAzu2vM2YLOrA=="],

    "@types/ws": ["@types/ws@8.18.1", "", { "dependencies": { "@types/node": "*" } }, "sha512-ThVF6DCVhA8kUGy+aazFQ4kXQ7E1Ty7A3ypFOe0IcJV8O/M511G99AW24irKrW56Wt44yG9+ij8FaqoBGkuBXg=="],

    "@typescript/native-preview": ["@typescript/native-preview@7.0.0-dev.20260618.1", "", { "optionalDependencies": { "@typescript/native-preview-darwin-arm64": "7.0.0-dev.20260618.1", "@typescript/native-preview-darwin-x64": "7.0.0-dev.20260618.1", "@typescript/native-preview-linux-arm": "7.0.0-dev.20260618.1", "@typescript/native-preview-linux-arm64": "7.0.0-dev.20260618.1", "@typescript/native-preview-linux-x64": "7.0.0-dev.20260618.1", "@typescript/native-preview-win32-arm64": "7.0.0-dev.20260618.1", "@typescript/native-preview-win32-x64": "7.0.0-dev.20260618.1" }, "bin": { "tsgo": "bin/tsgo.js" } }, "sha512-qMe0xqZ0FVCctLhUWei8I6PZu/3pidBPAlIfOYJ2uzBwt4AdCAAP8nk0J9l8Z9x0PR7zqdOg1A33Hy3tSZBRrw=="],

    "@typescript/native-preview-darwin-arm64": ["@typescript/native-preview-darwin-arm64@7.0.0-dev.20260618.1", "", { "os": "darwin", "cpu": "arm64" }, "sha512-NcJ3qhu1zPeTIptjHV+I/7h8dKJRE4rQeWx4RH2AXDyyH95Njlyvh0FSkTZHZ0GjZ2/vagEGs/jfDwSXjCwfrw=="],

    "@typescript/native-preview-darwin-x64": ["@typescript/native-preview-darwin-x64@7.0.0-dev.20260618.1", "", { "os": "darwin", "cpu": "x64" }, "sha512-YRP/kEP40j3WUDYB+tuV0yLY9CLDcYbNsnjoYFvK9sfabneKXV/10cmE1FdGb0ipIKhj6lIjt4BWsx4R6WP7fQ=="],

    "@typescript/native-preview-linux-arm": ["@typescript/native-preview-linux-arm@7.0.0-dev.20260618.1", "", { "os": "linux", "cpu": "arm" }, "sha512-zCn3gnICZ3daLFu5K0nPYzhl5A2W60g18IEKKm7jLXU6EzqpeQX741ylR4igIbBCSvbaopgadI/DURRRGYAKYw=="],

    "@typescript/native-preview-linux-arm64": ["@typescript/native-preview-linux-arm64@7.0.0-dev.20260618.1", "", { "os": "linux", "cpu": "arm64" }, "sha512-VAiv3IlWOfxAQM9m05+Usv9qu62p2UWe3HN4L9jS+EvLOwB6LCaD0yZ1AiKTqtXoyFseOhyOiZ2gF6qgXfi7CQ=="],

    "@typescript/native-preview-linux-x64": ["@typescript/native-preview-linux-x64@7.0.0-dev.20260618.1", "", { "os": "linux", "cpu": "x64" }, "sha512-I41MDMS+a1f0DaFhXuHntzaltFgwFZDtkMDqfqRn43QodIqRsICtXuNDS+kg2b2rwFsA/MAWomdMiMaiLuZ9bw=="],

    "@typescript/native-preview-win32-arm64": ["@typescript/native-preview-win32-arm64@7.0.0-dev.20260618.1", "", { "os": "win32", "cpu": "arm64" }, "sha512-phGPhk9EioBNS6s/WnubcIZzvql/AirogtjVUtTRFr4OiZeeoURm7mtpc2Xkl/TJ/IZlWeiQSPGCA1dFMSz7EA=="],

    "@typescript/native-preview-win32-x64": ["@typescript/native-preview-win32-x64@7.0.0-dev.20260618.1", "", { "os": "win32", "cpu": "x64" }, "sha512-73ZJovElhT86jv5HlFTwZHqfOBdMtrqDjuLM2OZWmgYlw7pd6zuYipngGQDpYq0XBjqUzGHcWLQ7D7/jcjYNaQ=="],

    "buffer-image-size": ["buffer-image-size@0.6.4", "", { "dependencies": { "@types/node": "*" } }, "sha512-nEh+kZOPY1w+gcCMobZ6ETUp9WfibndnosbpwB1iJk/8Gt5ZF2bhS6+B6bPYz424KtwsR6Rflc3tCz1/ghX2dQ=="],

    "diff": ["diff@9.0.0", "", {}, "sha512-svtcdpS8CgJyqAjEQIXdb3OjhFVVYjzGAPO8WGCmRbrml64SPw/jJD4GoE98aR7r25A0XcgrK3F02yw9R/vhQw=="],

    "entities": ["entities@7.0.1", "", {}, "sha512-TWrgLOFUQTH994YUyl1yT4uyavY5nNB5muff+RtWaqNVCAK408b5ZnnbNAUEWLTCpum9w6arT70i1XdQ4UeOPA=="],

    "happy-dom": ["happy-dom@20.12.2", "", { "dependencies": { "@types/node": ">=20.0.0", "@types/whatwg-mimetype": "^3.0.2", "@types/ws": "^8.18.1", "buffer-image-size": "^0.6.4", "entities": "^7.0.1", "whatwg-mimetype": "^3.0.0", "ws": "^8.21.0" } }, "sha512-vCIoyoKQ7vxLb9zRiTc7uKryHDG3YY6tXK96D6MuugFnV9xTbmiPGM/GYFn1q+fWoIBv53q4rBEgydDkQwnDZw=="],

    "lit": ["lit@3.3.3", "", { "dependencies": { "@lit/reactive-element": "^2.1.0", "lit-element": "^4.2.0", "lit-html": "^3.3.0" } }, "sha512-fycuvZg/hkpozL00lm1pEJH5nN/lr9ZXd6mJI2HSN4+Bzc+LDNdEApJ6HFbPkdFNHLvOplIIuJvxkS4XUxqirw=="],

    "lit-element": ["lit-element@4.2.2", "", { "dependencies": { "@lit-labs/ssr-dom-shim": "^1.5.0", "@lit/reactive-element": "^2.1.0", "lit-html": "^3.3.0" } }, "sha512-aFKhNToWxoyhkNDmWZwEva2SlQia+jfG0fjIWV//YeTaWrVnOxD89dPKfigCUspXFmjzOEUQpOkejH5Ly6sG0w=="],

    "lit-html": ["lit-html@3.3.3", "", { "dependencies": { "@types/trusted-types": "^2.0.2" } }, "sha512-el8M6jK2o3RXBnrSHX3ZKrsN8zEV63pSExTO1wYJz7QndGYZ8353e2a5PPX+qHe2aGayfnchQmkAojaWAREOIA=="],

    "undici-types": ["undici-types@8.3.0", "", {}, "sha512-j375ScV60dom+YkPFIfTLcOiPxkN/buHz5GobjLhixFuANaNs3C9l4GmrWqejgXWJ7BbJcFYpTEUkS1Ge8bpZQ=="],

    "valibot": ["valibot@1.4.2", "", { "peerDependencies": { "typescript": ">=5" }, "optionalPeers": ["typescript"] }, "sha512-gjdCvJ6d3RyHAneqxMYMW9QMCwYMb3jpOO0IyHZV1bnRHFBHrX3VkIILt5XYR0WhwHiH7Mty8ovuPZ/O3gamrg=="],

    "whatwg-mimetype": ["whatwg-mimetype@3.0.0", "", {}, "sha512-nt+N2dzIutVRxARx1nghPKGv1xHikU7HKdfafKkLNLindmPU/ch3U31NOCGGA/dmPcmb1VlofO0vnKAcsm0o/Q=="],

    "ws": ["ws@8.21.3", "", { "peerDependencies": { "bufferutil": "^4.0.1", "utf-8-validate": ">=5.0.2" }, "optionalPeers": ["bufferutil", "utf-8-validate"] }, "sha512-201TZ/kPWxoPr/OKWjquZR1SWKXcvxdH+e1xrx89b3YbmzLMFCLfnaG1HFIgWzJOEWZ7MvpK++odZufgYR50Rw=="],
  }
}
